
Microsoft Visual Studio Solution File, Format Version 12.00
# Visual Studio Version 16
VisualStudioVersion = 16.0.31205.134
MinimumVisualStudioVersion = 10.0.40219.1
Project("{FAE04EC0-301F-11D3-BF4B-00C04F79EFBC}") = "ServiceTest", "ServiceTest\ServiceTest.csproj", "{6260DA11-C261-4120-87B1-DA78C960ADD1}"
EndProject
Global
	GlobalSection(SolutionConfigurationPlatforms) = preSolution
		Debug|Any CPU = Debug|Any CPU
		Release|Any CPU = Release|Any CPU
	EndGlobalSection
	GlobalSection(ProjectConfigurationPlatforms) = postSolution
		{6260DA11-C261-4120-87B1-DA78C960ADD1}.Debug|Any CPU.ActiveCfg = Debug|Any CPU
		{6260DA11-C261-4120-87B1-DA78C960ADD1}.Debug|Any CPU.Build.0 = Debug|Any CPU
		{6260DA11-C261-4120-87B1-DA78C960ADD1}.Release|Any CPU.ActiveCfg = Release|Any CPU
		{6260DA11-C261-4120-87B1-DA78C960ADD1}.Release|Any CPU.Build.0 = Release|Any CPU
	EndGlobalSection
	GlobalSection(SolutionProperties) = preSolution
		HideSolutionNode = FALSE
	EndGlobalSection
	GlobalSection(ExtensibilityGlobals) = postSolution
		SolutionGuid = {84965A80-CDE1-4ABC-803A-FE016850B42E}
	EndGlobalSection
EndGlobal
